// !$*UTF8*$!
{
	archiveVersion = 1;
	classes = {
	};
	objectVersion = 52;
	objects = {

/* Begin PBXBuildFile section */
		5497ABFE255359000021F861 /* Tests_iOS.swift in Sources */ = {isa = PBXBuildFile; fileRef = 5497ABFD255359000021F861 /* Tests_iOS.swift */; };
		5497AC09255359000021F861 /* Tests_macOS.swift in Sources */ = {isa = PBXBuildFile; fileRef = 5497AC08255359000021F861 /* Tests_macOS.swift */; };
		5497AC0B255359000021F861 /* MarkdownApp.swift in Sources */ = {isa = PBXBuildFile; fileRef = 5497ABE1255358FE0021F861 /* MarkdownApp.swift */; };
		5497AC0C255359000021F861 /* MarkdownApp.swift in Sources */ = {isa = PBXBuildFile; fileRef = 5497ABE1255358FE0021F861 /* MarkdownApp.swift */; };
		5497AC0D255359000021F861 /* MarkdownDocument.swift in Sources */ = {isa = PBXBuildFile; fileRef = 5497ABE2255358FE0021F861 /* MarkdownDocument.swift */; };
		5497AC0E255359000021F861 /* MarkdownDocument.swift in Sources */ = {isa = PBXBuildFile; fileRef = 5497ABE2255358FE0021F861 /* MarkdownDocument.swift */; };
		5497AC0F255359000021F861 /* ContentView.swift in Sources */ = {isa = PBXBuildFile; fileRef = 5497ABE3255358FE0021F861 /* ContentView.swift */; };
		5497AC11255359000021F861 /* Assets.xcassets in Resources */ = {isa = PBXBuildFile; fileRef = 5497ABE4255358FF0021F861 /* Assets.xcassets */; };
		5497AC12255359000021F861 /* Assets.xcassets in Resources */ = {isa = PBXBuildFile; fileRef = 5497ABE4255358FF0021F861 /* Assets.xcassets */; };
		5497AC2F255359440021F861 /* FileLoader.swift in Sources */ = {isa = PBXBuildFile; fileRef = 5497AC27255359440021F861 /* FileLoader.swift */; };
		5497AC30255359440021F861 /* FileLoader.swift in Sources */ = {isa = PBXBuildFile; fileRef = 5497AC27255359440021F861 /* FileLoader.swift */; };
		5497AC31255359440021F861 /* ConfigView.swift in Sources */ = {isa = PBXBuildFile; fileRef = 5497AC28255359440021F861 /* ConfigView.swift */; };
		5497AC32255359440021F861 /* ConfigView.swift in Sources */ = {isa = PBXBuildFile; fileRef = 5497AC28255359440021F861 /* ConfigView.swift */; };
		5497AC33255359440021F861 /* HelpView.swift in Sources */ = {isa = PBXBuildFile; fileRef = 5497AC29255359440021F861 /* HelpView.swift */; };
		5497AC34255359440021F861 /* HelpView.swift in Sources */ = {isa = PBXBuildFile; fileRef = 5497AC29255359440021F861 /* HelpView.swift */; };
		5497AC35255359440021F861 /* LicenseView.swift in Sources */ = {isa = PBXBuildFile; fileRef = 5497AC2A255359440021F861 /* LicenseView.swift */; };
		5497AC36255359440021F861 /* LicenseView.swift in Sources */ = {isa = PBXBuildFile; fileRef = 5497AC2A255359440021F861 /* LicenseView.swift */; };
		5497AC37255359440021F861 /* ConfigPopoverView.swift in Sources */ = {isa = PBXBuildFile; fileRef = 5497AC2B255359440021F861 /* ConfigPopoverView.swift */; };
		5497AC38255359440021F861 /* ConfigPopoverView.swift in Sources */ = {isa = PBXBuildFile; fileRef = 5497AC2B255359440021F861 /* ConfigPopoverView.swift */; };
		5497AC39255359440021F861 /* ConfigButton.swift in Sources */ = {isa = PBXBuildFile; fileRef = 5497AC2C255359440021F861 /* ConfigButton.swift */; };
		5497AC3A255359440021F861 /* ConfigButton.swift in Sources */ = {isa = PBXBuildFile; fileRef = 5497AC2C255359440021F861 /* ConfigButton.swift */; };
		5497AC3B255359440021F861 /* LicenseButton.swift in Sources */ = {isa = PBXBuildFile; fileRef = 5497AC2D255359440021F861 /* LicenseButton.swift */; };
		5497AC3C255359440021F861 /* LicenseButton.swift in Sources */ = {isa = PBXBuildFile; fileRef = 5497AC2D255359440021F861 /* LicenseButton.swift */; };
		5497AC3D255359440021F861 /* HelpButton.swift in Sources */ = {isa = PBXBuildFile; fileRef = 5497AC2E255359440021F861 /* HelpButton.swift */; };
		5497AC3E255359440021F861 /* HelpButton.swift in Sources */ = {isa = PBXBuildFile; fileRef = 5497AC2E255359440021F861 /* HelpButton.swift */; };
		5497AC472553595E0021F861 /* CommandView.swift in Sources */ = {isa = PBXBuildFile; fileRef = 5497AC442553595E0021F861 /* CommandView.swift */; };
		5497AC482553595E0021F861 /* CommandView.swift in Sources */ = {isa = PBXBuildFile; fileRef = 5497AC442553595E0021F861 /* CommandView.swift */; };
		5497AC492553595E0021F861 /* TextView.swift in Sources */ = {isa = PBXBuildFile; fileRef = 5497AC452553595E0021F861 /* TextView.swift */; };
		5497AC4B2553595E0021F861 /* WebView.swift in Sources */ = {isa = PBXBuildFile; fileRef = 5497AC462553595E0021F861 /* WebView.swift */; };
		5497AC53255359B60021F861 /* License.md in Resources */ = {isa = PBXBuildFile; fileRef = 5497AC51255359B60021F861 /* License.md */; };
		5497AC54255359B60021F861 /* License.md in Resources */ = {isa = PBXBuildFile; fileRef = 5497AC51255359B60021F861 /* License.md */; };
		5497AC55255359B60021F861 /* Help.md in Resources */ = {isa = PBXBuildFile; fileRef = 5497AC52255359B60021F861 /* Help.md */; };
		5497AC56255359B60021F861 /* Help.md in Resources */ = {isa = PBXBuildFile; fileRef = 5497AC52255359B60021F861 /* Help.md */; };
		5497AC5D25535AAF0021F861 /* Ink in Frameworks */ = {isa = PBXBuildFile; productRef = 5497AC5C25535AAF0021F861 /* Ink */; };
		5497AC6425535ABD0021F861 /* Ink in Frameworks */ = {isa = PBXBuildFile; productRef = 5497AC6325535ABD0021F861 /* Ink */; };
		5497AC6E25535BA50021F861 /* TextView.swift in Sources */ = {isa = PBXBuildFile; fileRef = 5497AC6D25535BA50021F861 /* TextView.swift */; };
		5497AC7825535C210021F861 /* WebView.swift in Sources */ = {isa = PBXBuildFile; fileRef = 5497AC7725535C210021F861 /* WebView.swift */; };
		5497AC8225535CB40021F861 /* ContentView.swift in Sources */ = {isa = PBXBuildFile; fileRef = 5497AC8125535CB40021F861 /* ContentView.swift */; };
/* End PBXBuildFile section */

/* Begin PBXContainerItemProxy section */
		5497ABFA255359000021F861 /* PBXContainerItemProxy */ = {
			isa = PBXContainerItemProxy;
			containerPortal = 5497ABDC255358FE0021F861 /* Project object */;
			proxyType = 1;
			remoteGlobalIDString = 5497ABE8255358FF0021F861;
			remoteInfo = "Markdown (iOS)";
		};
		5497AC05255359000021F861 /* PBXContainerItemProxy */ = {
			isa = PBXContainerItemProxy;
			containerPortal = 5497ABDC255358FE0021F861 /* Project object */;
			proxyType = 1;
			remoteGlobalIDString = 5497ABF0255359000021F861;
			remoteInfo = "Markdown (macOS)";
		};
/* End PBXContainerItemProxy section */

/* Begin PBXFileReference section */
		5497ABE1255358FE0021F861 /* MarkdownApp.swift */ = {isa = PBXFileReference; lastKnownFileType = sourcecode.swift; path = MarkdownApp.swift; sourceTree = "<group>"; };
		5497ABE2255358FE0021F861 /* MarkdownDocument.swift */ = {isa = PBXFileReference; lastKnownFileType = sourcecode.swift; path = MarkdownDocument.swift; sourceTree = "<group>"; };
		5497ABE3255358FE0021F861 /* ContentView.swift */ = {isa = PBXFileReference; lastKnownFileType = sourcecode.swift; path = ContentView.swift; sourceTree = "<group>"; };
		5497ABE4255358FF0021F861 /* Assets.xcassets */ = {isa = PBXFileReference; lastKnownFileType = folder.assetcatalog; path = Assets.xcassets; sourceTree = "<group>"; };
		5497ABE9255358FF0021F861 /* Markdown.app */ = {isa = PBXFileReference; explicitFileType = wrapper.application; includeInIndex = 0; path = Markdown.app; sourceTree = BUILT_PRODUCTS_DIR; };
		5497ABEC255358FF0021F861 /* Info.plist */ = {isa = PBXFileReference; lastKnownFileType = text.plist.xml; path = Info.plist; sourceTree = "<group>"; };
		5497ABF1255359000021F861 /* Markdown.app */ = {isa = PBXFileReference; explicitFileType = wrapper.application; includeInIndex = 0; path = Markdown.app; sourceTree = BUILT_PRODUCTS_DIR; };
		5497ABF3255359000021F861 /* Info.plist */ = {isa = PBXFileReference; lastKnownFileType = text.plist.xml; path = Info.plist; sourceTree = "<group>"; };
		5497ABF4255359000021F861 /* macOS.entitlements */ = {isa = PBXFileReference; lastKnownFileType = text.plist.entitlements; path = macOS.entitlements; sourceTree = "<group>"; };
		5497ABF9255359000021F861 /* Tests iOS.xctest */ = {isa = PBXFileReference; explicitFileType = wrapper.cfbundle; includeInIndex = 0; path = "Tests iOS.xctest"; sourceTree = BUILT_PRODUCTS_DIR; };
		5497ABFD255359000021F861 /* Tests_iOS.swift */ = {isa = PBXFileReference; lastKnownFileType = sourcecode.swift; path = Tests_iOS.swift; sourceTree = "<group>"; };
		5497ABFF255359000021F861 /* Info.plist */ = {isa = PBXFileReference; lastKnownFileType = text.plist.xml; path = Info.plist; sourceTree = "<group>"; };
		5497AC04255359000021F861 /* Tests macOS.xctest */ = {isa = PBXFileReference; explicitFileType = wrapper.cfbundle; includeInIndex = 0; path = "Tests macOS.xctest"; sourceTree = BUILT_PRODUCTS_DIR; };
		5497AC08255359000021F861 /* Tests_macOS.swift */ = {isa = PBXFileReference; lastKnownFileType = sourcecode.swift; path = Tests_macOS.swift; sourceTree = "<group>"; };
		5497AC0A255359000021F861 /* Info.plist */ = {isa = PBXFileReference; lastKnownFileType = text.plist.xml; path = Info.plist; sourceTree = "<group>"; };
		5497AC27255359440021F861 /* FileLoader.swift */ = {isa = PBXFileReference; fileEncoding = 4; lastKnownFileType = sourcecode.swift; path = FileLoader.swift; sourceTree = "<group>"; };
		5497AC28255359440021F861 /* ConfigView.swift */ = {isa = PBXFileReference; fileEncoding = 4; lastKnownFileType = sourcecode.swift; path = ConfigView.swift; sourceTree = "<group>"; };
		5497AC29255359440021F861 /* HelpView.swift */ = {isa = PBXFileReference; fileEncoding = 4; lastKnownFileType = sourcecode.swift; path = HelpView.swift; sourceTree = "<group>"; };
		5497AC2A255359440021F861 /* LicenseView.swift */ = {isa = PBXFileReference; fileEncoding = 4; lastKnownFileType = sourcecode.swift; path = LicenseView.swift; sourceTree = "<group>"; };
		5497AC2B255359440021F861 /* ConfigPopoverView.swift */ = {isa = PBXFileReference; fileEncoding = 4; lastKnownFileType = sourcecode.swift; path = ConfigPopoverView.swift; sourceTree = "<group>"; };
		5497AC2C255359440021F861 /* ConfigButton.swift */ = {isa = PBXFileReference; fileEncoding = 4; lastKnownFileType = sourcecode.swift; path = ConfigButton.swift; sourceTree = "<group>"; };
		5497AC2D255359440021F861 /* LicenseButton.swift */ = {isa = PBXFileReference; fileEncoding = 4; lastKnownFileType = sourcecode.swift; path = LicenseButton.swift; sourceTree = "<group>"; };
		5497AC2E255359440021F861 /* HelpButton.swift */ = {isa = PBXFileReference; fileEncoding = 4; lastKnownFileType = sourcecode.swift; path = HelpButton.swift; sourceTree = "<group>"; };
		5497AC442553595E0021F861 /* CommandView.swift */ = {isa = PBXFileReference; fileEncoding = 4; lastKnownFileType = sourcecode.swift; path = CommandView.swift; sourceTree = "<group>"; };
		5497AC452553595E0021F861 /* TextView.swift */ = {isa = PBXFileReference; fileEncoding = 4; lastKnownFileType = sourcecode.swift; path = TextView.swift; sourceTree = "<group>"; };
		5497AC462553595E0021F861 /* WebView.swift */ = {isa = PBXFileReference; fileEncoding = 4; lastKnownFileType = sourcecode.swift; path = WebView.swift; sourceTree = "<group>"; };
		5497AC51255359B60021F861 /* License.md */ = {isa = PBXFileReference; fileEncoding = 4; lastKnownFileType = net.daringfireball.markdown; path = License.md; sourceTree = "<group>"; };
		5497AC52255359B60021F861 /* Help.md */ = {isa = PBXFileReference; fileEncoding = 4; lastKnownFileType = net.daringfireball.markdown; path = Help.md; sourceTree = "<group>"; };
		5497AC6D25535BA50021F861 /* TextView.swift */ = {isa = PBXFileReference; lastKnownFileType = sourcecode.swift; path = TextView.swift; sourceTree = "<group>"; };
		5497AC7725535C210021F861 /* WebView.swift */ = {isa = PBXFileReference; lastKnownFileType = sourcecode.swift; path = WebView.swift; sourceTree = "<group>"; };
		5497AC8125535CB40021F861 /* ContentView.swift */ = {isa = PBXFileReference; lastKnownFileType = sourcecode.swift; path = ContentView.swift; sourceTree = "<group>"; };
/* End PBXFileReference section */

/* Begin PBXFrameworksBuildPhase section */
		5497ABE6255358FF0021F861 /* Frameworks */ = {
			isa = PBXFrameworksBuildPhase;
			buildActionMask = 2147483647;
			files = (
				5497AC5D25535AAF0021F861 /* Ink in Frameworks */,
			);
			runOnlyForDeploymentPostprocessing = 0;
		};
		5497ABEE255359000021F861 /* Frameworks */ = {
			isa = PBXFrameworksBuildPhase;
			buildActionMask = 2147483647;
			files = (
				5497AC6425535ABD0021F861 /* Ink in Frameworks */,
			);
			runOnlyForDeploymentPostprocessing = 0;
		};
		5497ABF6255359000021F861 /* Frameworks */ = {
			isa = PBXFrameworksBuildPhase;
			buildActionMask = 2147483647;
			files = (
			);
			runOnlyForDeploymentPostprocessing = 0;
		};
		5497AC01255359000021F861 /* Frameworks */ = {
			isa = PBXFrameworksBuildPhase;
			buildActionMask = 2147483647;
			files = (
			);
			runOnlyForDeploymentPostprocessing = 0;
		};
/* End PBXFrameworksBuildPhase section */

/* Begin PBXGroup section */
		5497ABDB255358FE0021F861 = {
			isa = PBXGroup;
			children = (
				5497ABE0255358FE0021F861 /* Shared */,
				5497ABEB255358FF0021F861 /* iOS */,
				5497ABF2255359000021F861 /* macOS */,
				5497ABFC255359000021F861 /* Tests iOS */,
				5497AC07255359000021F861 /* Tests macOS */,
				5497ABEA255358FF0021F861 /* Products */,
				5497AC6225535ABD0021F861 /* Frameworks */,
			);
			sourceTree = "<group>";
		};
		5497ABE0255358FE0021F861 /* Shared */ = {
			isa = PBXGroup;
			children = (
				5497AC52255359B60021F861 /* Help.md */,
				5497AC51255359B60021F861 /* License.md */,
				5497AC43255359550021F861 /* Views */,
				5497AC25255359440021F861 /* Configuration */,
				5497ABE1255358FE0021F861 /* MarkdownApp.swift */,
				5497ABE2255358FE0021F861 /* MarkdownDocument.swift */,
				5497ABE4255358FF0021F861 /* Assets.xcassets */,
			);
			path = Shared;
			sourceTree = "<group>";
		};
		5497ABEA255358FF0021F861 /* Products */ = {
			isa = PBXGroup;
			children = (
				5497ABE9255358FF0021F861 /* Markdown.app */,
				5497ABF1255359000021F861 /* Markdown.app */,
				5497ABF9255359000021F861 /* Tests iOS.xctest */,
				5497AC04255359000021F861 /* Tests macOS.xctest */,
			);
			name = Products;
			sourceTree = "<group>";
		};
		5497ABEB255358FF0021F861 /* iOS */ = {
			isa = PBXGroup;
			children = (
				5497AC462553595E0021F861 /* WebView.swift */,
				5497AC452553595E0021F861 /* TextView.swift */,
				5497ABE3255358FE0021F861 /* ContentView.swift */,
				5497ABEC255358FF0021F861 /* Info.plist */,
			);
			path = iOS;
			sourceTree = "<group>";
		};
		5497ABF2255359000021F861 /* macOS */ = {
			isa = PBXGroup;
			children = (
				5497ABF3255359000021F861 /* Info.plist */,
				5497ABF4255359000021F861 /* macOS.entitlements */,
				5497AC6D25535BA50021F861 /* TextView.swift */,
				5497AC7725535C210021F861 /* WebView.swift */,
				5497AC8125535CB40021F861 /* ContentView.swift */,
			);
			path = macOS;
			sourceTree = "<group>";
		};
		5497ABFC255359000021F861 /* Tests iOS */ = {
			isa = PBXGroup;
			children = (
				5497ABFD255359000021F861 /* Tests_iOS.swift */,
				5497ABFF255359000021F861 /* Info.plist */,
			);
			path = "Tests iOS";
			sourceTree = "<group>";
		};
		5497AC07255359000021F861 /* Tests macOS */ = {
			isa = PBXGroup;
			children = (
				5497AC08255359000021F861 /* Tests_macOS.swift */,
				5497AC0A255359000021F861 /* Info.plist */,
			);
			path = "Tests macOS";
			sourceTree = "<group>";
		};
		5497AC25255359440021F861 /* Configuration */ = {
			isa = PBXGroup;
			children = (
				5497AC26255359440021F861 /* Tools */,
				5497AC28255359440021F861 /* ConfigView.swift */,
				5497AC29255359440021F861 /* HelpView.swift */,
				5497AC2A255359440021F861 /* LicenseView.swift */,
				5497AC2B255359440021F861 /* ConfigPopoverView.swift */,
				5497AC2C255359440021F861 /* ConfigButton.swift */,
				5497AC2D255359440021F861 /* LicenseButton.swift */,
				5497AC2E255359440021F861 /* HelpButton.swift */,
			);
			path = Configuration;
			sourceTree = "<group>";
		};
		5497AC26255359440021F861 /* Tools */ = {
			isa = PBXGroup;
			children = (
				5497AC27255359440021F861 /* FileLoader.swift */,
			);
			path = Tools;
			sourceTree = "<group>";
		};
		5497AC43255359550021F861 /* Views */ = {
			isa = PBXGroup;
			children = (
				5497AC442553595E0021F861 /* CommandView.swift */,
			);
			path = Views;
			sourceTree = "<group>";
		};
		5497AC6225535ABD0021F861 /* Frameworks */ = {
			isa = PBXGroup;
			children = (
			);
			name = Frameworks;
			sourceTree = "<group>";
		};
/* End PBXGroup section */

/* Begin PBXNativeTarget section */
		5497ABE8255358FF0021F861 /* Markdown (iOS) */ = {
			isa = PBXNativeTarget;
			buildConfigurationList = 5497AC15255359000021F861 /* Build configuration list for PBXNativeTarget "Markdown (iOS)" */;
			buildPhases = (
				5497ABE5255358FF0021F861 /* Sources */,
				5497ABE6255358FF0021F861 /* Frameworks */,
				5497ABE7255358FF0021F861 /* Resources */,
			);
			buildRules = (
			);
			dependencies = (
			);
			name = "Markdown (iOS)";
			packageProductDependencies = (
				5497AC5C25535AAF0021F861 /* Ink */,
			);
			productName = "Markdown (iOS)";
			productReference = 5497ABE9255358FF0021F861 /* Markdown.app */;
			productType = "com.apple.product-type.application";
		};
		5497ABF0255359000021F861 /* Markdown (macOS) */ = {
			isa = PBXNativeTarget;
			buildConfigurationList = 5497AC18255359000021F861 /* Build configuration list for PBXNativeTarget "Markdown (macOS)" */;
			buildPhases = (
				5497ABED255359000021F861 /* Sources */,
				5497ABEE255359000021F861 /* Frameworks */,
				5497ABEF255359000021F861 /* Resources */,
			);
			buildRules = (
			);
			dependencies = (
			);
			name = "Markdown (macOS)";
			packageProductDependencies = (
				5497AC6325535ABD0021F861 /* Ink */,
			);
			productName = "Markdown (macOS)";
			productReference = 5497ABF1255359000021F861 /* Markdown.app */;
			productType = "com.apple.product-type.application";
		};
		5497ABF8255359000021F861 /* Tests iOS */ = {
			isa = PBXNativeTarget;
			buildConfigurationList = 5497AC1B255359000021F861 /* Build configuration list for PBXNativeTarget "Tests iOS" */;
			buildPhases = (
				5497ABF5255359000021F861 /* Sources */,
				5497ABF6255359000021F861 /* Frameworks */,
				5497ABF7255359000021F861 /* Resources */,
			);
			buildRules = (
			);
			dependencies = (
				5497ABFB255359000021F861 /* PBXTargetDependency */,
			);
			name = "Tests iOS";
			productName = "Tests iOS";
			productReference = 5497ABF9255359000021F861 /* Tests iOS.xctest */;
			productType = "com.apple.product-type.bundle.ui-testing";
		};
		5497AC03255359000021F861 /* Tests macOS */ = {
			isa = PBXNativeTarget;
			buildConfigurationList = 5497AC1E255359000021F861 /* Build configuration list for PBXNativeTarget "Tests macOS" */;
			buildPhases = (
				5497AC00255359000021F861 /* Sources */,
				5497AC01255359000021F861 /* Frameworks */,
				5497AC02255359000021F861 /* Resources */,
			);
			buildRules = (
			);
			dependencies = (
				5497AC06255359000021F861 /* PBXTargetDependency */,
			);
			name = "Tests macOS";
			productName = "Tests macOS";
			productReference = 5497AC04255359000021F861 /* Tests macOS.xctest */;
			productType = "com.apple.product-type.bundle.ui-testing";
		};
/* End PBXNativeTarget section */

/* Begin PBXProject section */
		5497ABDC255358FE0021F861 /* Project object */ = {
			isa = PBXProject;
			attributes = {
				LastSwiftUpdateCheck = 1220;
				LastUpgradeCheck = 1220;
				TargetAttributes = {
					5497ABE8255358FF0021F861 = {
						CreatedOnToolsVersion = 12.2;
					};
					5497ABF0255359000021F861 = {
						CreatedOnToolsVersion = 12.2;
					};
					5497ABF8255359000021F861 = {
						CreatedOnToolsVersion = 12.2;
						TestTargetID = 5497ABE8255358FF0021F861;
					};
					5497AC03255359000021F861 = {
						CreatedOnToolsVersion = 12.2;
						TestTargetID = 5497ABF0255359000021F861;
					};
				};
			};
			buildConfigurationList = 5497ABDF255358FE0021F861 /* Build configuration list for PBXProject "Markdown" */;
			compatibilityVersion = "Xcode 9.3";
			developmentRegion = en;
			hasScannedForEncodings = 0;
			knownRegions = (
				en,
				Base,
			);
			mainGroup = 5497ABDB255358FE0021F861;
			packageReferences = (
				5497AC5B25535AAF0021F861 /* XCRemoteSwiftPackageReference "ink" */,
			);
			productRefGroup = 5497ABEA255358FF0021F861 /* Products */;
			projectDirPath = "";
			projectRoot = "";
			targets = (
				5497ABE8255358FF0021F861 /* Markdown (iOS) */,
				5497ABF0255359000021F861 /* Markdown (macOS) */,
				5497ABF8255359000021F861 /* Tests iOS */,
				5497AC03255359000021F861 /* Tests macOS */,
			);
		};
/* End PBXProject section */

/* Begin PBXResourcesBuildPhase section */
		5497ABE7255358FF0021F861 /* Resources */ = {
			isa = PBXResourcesBuildPhase;
			buildActionMask = 2147483647;
			files = (
				5497AC55255359B60021F861 /* Help.md in Resources */,
				5497AC53255359B60021F861 /* License.md in Resources */,
				5497AC11255359000021F861 /* Assets.xcassets in Resources */,
			);
			runOnlyForDeploymentPostprocessing = 0;
		};
		5497ABEF255359000021F861 /* Resources */ = {
			isa = PBXResourcesBuildPhase;
			buildActionMask = 2147483647;
			files = (
				5497AC56255359B60021F861 /* Help.md in Resources */,
				5497AC54255359B60021F861 /* License.md in Resources */,
				5497AC12255359000021F861 /* Assets.xcassets in Resources */,
			);
			runOnlyForDeploymentPostprocessing = 0;
		};
		5497ABF7255359000021F861 /* Resources */ = {
			isa = PBXResourcesBuildPhase;
			buildActionMask = 2147483647;
			files = (
			);
			runOnlyForDeploymentPostprocessing = 0;
		};
		5497AC02255359000021F861 /* Resources */ = {
			isa = PBXResourcesBuildPhase;
			buildActionMask = 2147483647;
			files = (
			);
			runOnlyForDeploymentPostprocessing = 0;
		};
/* End PBXResourcesBuildPhase section */

/* Begin PBXSourcesBuildPhase section */
		5497ABE5255358FF0021F861 /* Sources */ = {
			isa = PBXSourcesBuildPhase;
			buildActionMask = 2147483647;
			files = (
				5497AC0B255359000021F861 /* MarkdownApp.swift in Sources */,
				5497AC33255359440021F861 /* HelpView.swift in Sources */,
				5497AC472553595E0021F861 /* CommandView.swift in Sources */,
				5497AC492553595E0021F861 /* TextView.swift in Sources */,
				5497AC3D255359440021F861 /* HelpButton.swift in Sources */,
				5497AC31255359440021F861 /* ConfigView.swift in Sources */,
				5497AC35255359440021F861 /* LicenseView.swift in Sources */,
				5497AC39255359440021F861 /* ConfigButton.swift in Sources */,
				5497AC0D255359000021F861 /* MarkdownDocument.swift in Sources */,
				5497AC2F255359440021F861 /* FileLoader.swift in Sources */,
				5497AC3B255359440021F861 /* LicenseButton.swift in Sources */,
				5497AC37255359440021F861 /* ConfigPopoverView.swift in Sources */,
				5497AC0F255359000021F861 /* ContentView.swift in Sources */,
				5497AC4B2553595E0021F861 /* WebView.swift in Sources */,
			);
			runOnlyForDeploymentPostprocessing = 0;
		};
		5497ABED255359000021F861 /* Sources */ = {
			isa = PBXSourcesBuildPhase;
			buildActionMask = 2147483647;
			files = (
				5497AC0C255359000021F861 /* MarkdownApp.swift in Sources */,
				5497AC34255359440021F861 /* HelpView.swift in Sources */,
				5497AC8225535CB40021F861 /* ContentView.swift in Sources */,
				5497AC482553595E0021F861 /* CommandView.swift in Sources */,
				5497AC6E25535BA50021F861 /* TextView.swift in Sources */,
				5497AC3E255359440021F861 /* HelpButton.swift in Sources */,
				5497AC32255359440021F861 /* ConfigView.swift in Sources */,
				5497AC36255359440021F861 /* LicenseView.swift in Sources */,
				5497AC3A255359440021F861 /* ConfigButton.swift in Sources */,
				5497AC0E255359000021F861 /* MarkdownDocument.swift in Sources */,
				5497AC30255359440021F861 /* FileLoader.swift in Sources */,
				5497AC3C255359440021F861 /* LicenseButton.swift in Sources */,
				5497AC38255359440021F861 /* ConfigPopoverView.swift in Sources */,
				5497AC7825535C210021F861 /* WebView.swift in Sources */,
			);
			runOnlyForDeploymentPostprocessing = 0;
		};
		5497ABF5255359000021F861 /* Sources */ = {
			isa = PBXSourcesBuildPhase;
			buildActionMask = 2147483647;
			files = (
				5497ABFE255359000021F861 /* Tests_iOS.swift in Sources */,
			);
			runOnlyForDeploymentPostprocessing = 0;
		};
		5497AC00255359000021F861 /* Sources */ = {
			isa = PBXSourcesBuildPhase;
			buildActionMask = 2147483647;
			files = (
				5497AC09255359000021F861 /* Tests_macOS.swift in Sources */,
			);
			runOnlyForDeploymentPostprocessing = 0;
		};
/* End PBXSourcesBuildPhase section */

/* Begin PBXTargetDependency section */
		5497ABFB255359000021F861 /* PBXTargetDependency */ = {
			isa = PBXTargetDependency;
			target = 5497ABE8255358FF0021F861 /* Markdown (iOS) */;
			targetProxy = 5497ABFA255359000021F861 /* PBXContainerItemProxy */;
		};
		5497AC06255359000021F861 /* PBXTargetDependency */ = {
			isa = PBXTargetDependency;
			target = 5497ABF0255359000021F861 /* Markdown (macOS) */;
			targetProxy = 5497AC05255359000021F861 /* PBXContainerItemProxy */;
		};
/* End PBXTargetDependency section */

/* Begin XCBuildConfiguration section */
		5497AC13255359000021F861 /* Debug */ = {
			isa = XCBuildConfiguration;
			buildSettings = {
				ALWAYS_SEARCH_USER_PATHS = NO;
				CLANG_ANALYZER_NONNULL = YES;
				CLANG_ANALYZER_NUMBER_OBJECT_CONVERSION = YES_AGGRESSIVE;
				CLANG_CXX_LANGUAGE_STANDARD = "gnu++14";
				CLANG_CXX_LIBRARY = "libc++";
				CLANG_ENABLE_MODULES = YES;
				CLANG_ENABLE_OBJC_ARC = YES;
				CLANG_ENABLE_OBJC_WEAK = YES;
				CLANG_WARN_BLOCK_CAPTURE_AUTORELEASING = YES;
				CLANG_WARN_BOOL_CONVERSION = YES;
				CLANG_WARN_COMMA = YES;
				CLANG_WARN_CONSTANT_CONVERSION = YES;
				CLANG_WARN_DEPRECATED_OBJC_IMPLEMENTATIONS = YES;
				CLANG_WARN_DIRECT_OBJC_ISA_USAGE = YES_ERROR;
				CLANG_WARN_DOCUMENTATION_COMMENTS = YES;
				CLANG_WARN_EMPTY_BODY = YES;
				CLANG_WARN_ENUM_CONVERSION = YES;
				CLANG_WARN_INFINITE_RECURSION = YES;
				CLANG_WARN_INT_CONVERSION = YES;
				CLANG_WARN_NON_LITERAL_NULL_CONVERSION = YES;
				CLANG_WARN_OBJC_IMPLICIT_RETAIN_SELF = YES;
				CLANG_WARN_OBJC_LITERAL_CONVERSION = YES;
				CLANG_WARN_OBJC_ROOT_CLASS = YES_ERROR;
				CLANG_WARN_QUOTED_INCLUDE_IN_FRAMEWORK_HEADER = YES;
				CLANG_WARN_RANGE_LOOP_ANALYSIS = YES;
				CLANG_WARN_STRICT_PROTOTYPES = YES;
				CLANG_WARN_SUSPICIOUS_MOVE = YES;
				CLANG_WARN_UNGUARDED_AVAILABILITY = YES_AGGRESSIVE;
				CLANG_WARN_UNREACHABLE_CODE = YES;
				CLANG_WARN__DUPLICATE_METHOD_MATCH = YES;
				COPY_PHASE_STRIP = NO;
				DEBUG_INFORMATION_FORMAT = dwarf;
				ENABLE_STRICT_OBJC_MSGSEND = YES;
				ENABLE_TESTABILITY = YES;
				GCC_C_LANGUAGE_STANDARD = gnu11;
				GCC_DYNAMIC_NO_PIC = NO;
				GCC_NO_COMMON_BLOCKS = YES;
				GCC_OPTIMIZATION_LEVEL = 0;
				GCC_PREPROCESSOR_DEFINITIONS = (
					"DEBUG=1",
					"$(inherited)",
				);
				GCC_WARN_64_TO_32_BIT_CONVERSION = YES;
				GCC_WARN_ABOUT_RETURN_TYPE = YES_ERROR;
				GCC_WARN_UNDECLARED_SELECTOR = YES;
				GCC_WARN_UNINITIALIZED_AUTOS = YES_AGGRESSIVE;
				GCC_WARN_UNUSED_FUNCTION = YES;
				GCC_WARN_UNUSED_VARIABLE = YES;
				MTL_ENABLE_DEBUG_INFO = INCLUDE_SOURCE;
				MTL_FAST_MATH = YES;
				ONLY_ACTIVE_ARCH = YES;
				SWIFT_ACTIVE_COMPILATION_CONDITIONS = DEBUG;
				SWIFT_OPTIMIZATION_LEVEL = "-Onone";
			};
			name = Debug;
		};
		5497AC14255359000021F861 /* Release */ = {
			isa = XCBuildConfiguration;
			buildSettings = {
				ALWAYS_SEARCH_USER_PATHS = NO;
				CLANG_ANALYZER_NONNULL = YES;
				CLANG_ANALYZER_NUMBER_OBJECT_CONVERSION = YES_AGGRESSIVE;
				CLANG_CXX_LANGUAGE_STANDARD = "gnu++14";
				CLANG_CXX_LIBRARY = "libc++";
				CLANG_ENABLE_MODULES = YES;
				CLANG_ENABLE_OBJC_ARC = YES;
				CLANG_ENABLE_OBJC_WEAK = YES;
				CLANG_WARN_BLOCK_CAPTURE_AUTORELEASING = YES;
				CLANG_WARN_BOOL_CONVERSION = YES;
				CLANG_WARN_COMMA = YES;
				CLANG_WARN_CONSTANT_CONVERSION = YES;
				CLANG_WARN_DEPRECATED_OBJC_IMPLEMENTATIONS = YES;
				CLANG_WARN_DIRECT_OBJC_ISA_USAGE = YES_ERROR;
				CLANG_WARN_DOCUMENTATION_COMMENTS = YES;
				CLANG_WARN_EMPTY_BODY = YES;
				CLANG_WARN_ENUM_CONVERSION = YES;
				CLANG_WARN_INFINITE_RECURSION = YES;
				CLANG_WARN_INT_CONVERSION = YES;
				CLANG_WARN_NON_LITERAL_NULL_CONVERSION = YES;
				CLANG_WARN_OBJC_IMPLICIT_RETAIN_SELF = YES;
				CLANG_WARN_OBJC_LITERAL_CONVERSION = YES;
				CLANG_WARN_OBJC_ROOT_CLASS = YES_ERROR;
				CLANG_WARN_QUOTED_INCLUDE_IN_FRAMEWORK_HEADER = YES;
				CLANG_WARN_RANGE_LOOP_ANALYSIS = YES;
				CLANG_WARN_STRICT_PROTOTYPES = YES;
				CLANG_WARN_SUSPICIOUS_MOVE = YES;
				CLANG_WARN_UNGUARDED_AVAILABILITY = YES_AGGRESSIVE;
				CLANG_WARN_UNREACHABLE_CODE = YES;
				CLANG_WARN__DUPLICATE_METHOD_MATCH = YES;
				COPY_PHASE_STRIP = NO;
				DEBUG_INFORMATION_FORMAT = "dwarf-with-dsym";
				ENABLE_NS_ASSERTIONS = NO;
				ENABLE_STRICT_OBJC_MSGSEND = YES;
				GCC_C_LANGUAGE_STANDARD = gnu11;
				GCC_NO_COMMON_BLOCKS = YES;
				GCC_WARN_64_TO_32_BIT_CONVERSION = YES;
				GCC_WARN_ABOUT_RETURN_TYPE = YES_ERROR;
				GCC_WARN_UNDECLARED_SELECTOR = YES;
				GCC_WARN_UNINITIALIZED_AUTOS = YES_AGGRESSIVE;
				GCC_WARN_UNUSED_FUNCTION = YES;
				GCC_WARN_UNUSED_VARIABLE = YES;
				MTL_ENABLE_DEBUG_INFO = NO;
				MTL_FAST_MATH = YES;
				SWIFT_COMPILATION_MODE = wholemodule;
				SWIFT_OPTIMIZATION_LEVEL = "-O";
			};
			name = Release;
		};
		5497AC16255359000021F861 /* Debug */ = {
			isa = XCBuildConfiguration;
			buildSettings = {
				ASSETCATALOG_COMPILER_APPICON_NAME = AppIcon;
				ASSETCATALOG_COMPILER_GLOBAL_ACCENT_COLOR_NAME = AccentColor;
				CODE_SIGN_STYLE = Automatic;
				DEVELOPMENT_TEAM = ZTF477US4D;
				ENABLE_PREVIEWS = YES;
				INFOPLIST_FILE = iOS/Info.plist;
				IPHONEOS_DEPLOYMENT_TARGET = 14.0;
				LD_RUNPATH_SEARCH_PATHS = (
					"$(inherited)",
					"@executable_path/Frameworks",
				);
				PRODUCT_BUNDLE_IDENTIFIER = "de.h-mayer.Markdown";
				PRODUCT_NAME = Markdown;
				SDKROOT = iphoneos;
				SWIFT_VERSION = 5.0;
				TARGETED_DEVICE_FAMILY = "1,2";
			};
			name = Debug;
		};
		5497AC17255359000021F861 /* Release */ = {
			isa = XCBuildConfiguration;
			buildSettings = {
				ASSETCATALOG_COMPILER_APPICON_NAME = AppIcon;
				ASSETCATALOG_COMPILER_GLOBAL_ACCENT_COLOR_NAME = AccentColor;
				CODE_SIGN_STYLE = Automatic;
				DEVELOPMENT_TEAM = ZTF477US4D;
				ENABLE_PREVIEWS = YES;
				INFOPLIST_FILE = iOS/Info.plist;
				IPHONEOS_DEPLOYMENT_TARGET = 14.0;
				LD_RUNPATH_SEARCH_PATHS = (
					"$(inherited)",
					"@executable_path/Frameworks",
				);
				PRODUCT_BUNDLE_IDENTIFIER = "de.h-mayer.Markdown";
				PRODUCT_NAME = Markdown;
				SDKROOT = iphoneos;
				SWIFT_VERSION = 5.0;
				TARGETED_DEVICE_FAMILY = "1,2";
				VALIDATE_PRODUCT = YES;
			};
			name = Release;
		};
		5497AC19255359000021F861 /* Debug */ = {
			isa = XCBuildConfiguration;
			buildSettings = {
				ASSETCATALOG_COMPILER_APPICON_NAME = AppIcon;
				ASSETCATALOG_COMPILER_GLOBAL_ACCENT_COLOR_NAME = AccentColor;
				CODE_SIGN_ENTITLEMENTS = macOS/macOS.entitlements;
				CODE_SIGN_STYLE = Automatic;
				COMBINE_HIDPI_IMAGES = YES;
				DEVELOPMENT_TEAM = ZTF477US4D;
				ENABLE_HARDENED_RUNTIME = YES;
				ENABLE_PREVIEWS = YES;
				INFOPLIST_FILE = macOS/Info.plist;
				LD_RUNPATH_SEARCH_PATHS = (
					"$(inherited)",
					"@executable_path/../Frameworks",
				);
				MACOSX_DEPLOYMENT_TARGET = 11.0;
				PRODUCT_BUNDLE_IDENTIFIER = "de.h-mayer.Markdown";
				PRODUCT_NAME = Markdown;
				SDKROOT = macosx;
				SWIFT_VERSION = 5.0;
			};
			name = Debug;
		};
		5497AC1A255359000021F861 /* Release */ = {
			isa = XCBuildConfiguration;
			buildSettings = {
				ASSETCATALOG_COMPILER_APPICON_NAME = AppIcon;
				ASSETCATALOG_COMPILER_GLOBAL_ACCENT_COLOR_NAME = AccentColor;
				CODE_SIGN_ENTITLEMENTS = macOS/macOS.entitlements;
				CODE_SIGN_STYLE = Automatic;
				COMBINE_HIDPI_IMAGES = YES;
				DEVELOPMENT_TEAM = ZTF477US4D;
				ENABLE_HARDENED_RUNTIME = YES;
				ENABLE_PREVIEWS = YES;
				INFOPLIST_FILE = macOS/Info.plist;
				LD_RUNPATH_SEARCH_PATHS = (
					"$(inherited)",
					"@executable_path/../Frameworks",
				);
				MACOSX_DEPLOYMENT_TARGET = 11.0;
				PRODUCT_BUNDLE_IDENTIFIER = "de.h-mayer.Markdown";
				PRODUCT_NAME = Markdown;
				SDKROOT = macosx;
				SWIFT_VERSION = 5.0;
			};
			name = Release;
		};
		5497AC1C255359000021F861 /* Debug */ = {
			isa = XCBuildConfiguration;
			buildSettings = {
				ALWAYS_EMBED_SWIFT_STANDARD_LIBRARIES = YES;
				CODE_SIGN_STYLE = Automatic;
				DEVELOPMENT_TEAM = ZTF477US4D;
				INFOPLIST_FILE = "Tests iOS/Info.plist";
				IPHONEOS_DEPLOYMENT_TARGET = 14.2;
				LD_RUNPATH_SEARCH_PATHS = (
					"$(inherited)",
					"@executable_path/Frameworks",
					"@loader_path/Frameworks",
				);
				PRODUCT_BUNDLE_IDENTIFIER = "de.h-mayer.Tests-iOS";
				PRODUCT_NAME = "$(TARGET_NAME)";
				SDKROOT = iphoneos;
				SWIFT_VERSION = 5.0;
				TARGETED_DEVICE_FAMILY = "1,2";
				TEST_TARGET_NAME = "Markdown (iOS)";
			};
			name = Debug;
		};
		5497AC1D255359000021F861 /* Release */ = {
			isa = XCBuildConfiguration;
			buildSettings = {
				ALWAYS_EMBED_SWIFT_STANDARD_LIBRARIES = YES;
				CODE_SIGN_STYLE = Automatic;
				DEVELOPMENT_TEAM = ZTF477US4D;
				INFOPLIST_FILE = "Tests iOS/Info.plist";
				IPHONEOS_DEPLOYMENT_TARGET = 14.2;
				LD_RUNPATH_SEARCH_PATHS = (
					"$(inherited)",
					"@executable_path/Frameworks",
					"@loader_path/Frameworks",
				);
				PRODUCT_BUNDLE_IDENTIFIER = "de.h-mayer.Tests-iOS";
				PRODUCT_NAME = "$(TARGET_NAME)";
				SDKROOT = iphoneos;
				SWIFT_VERSION = 5.0;
				TARGETED_DEVICE_FAMILY = "1,2";
				TEST_TARGET_NAME = "Markdown (iOS)";
				VALIDATE_PRODUCT = YES;
			};
			name = Release;
		};
		5497AC1F255359000021F861 /* Debug */ = {
			isa = XCBuildConfiguration;
			buildSettings = {
				ALWAYS_EMBED_SWIFT_STANDARD_LIBRARIES = YES;
				CODE_SIGN_STYLE = Automatic;
				COMBINE_HIDPI_IMAGES = YES;
				DEVELOPMENT_TEAM = ZTF477US4D;
				INFOPLIST_FILE = "Tests macOS/Info.plist";
				LD_RUNPATH_SEARCH_PATHS = (
					"$(inherited)",
					"@executable_path/../Frameworks",
					"@loader_path/../Frameworks",
				);
				MACOSX_DEPLOYMENT_TARGET = 10.15;
				PRODUCT_BUNDLE_IDENTIFIER = "de.h-mayer.Tests-macOS";
				PRODUCT_NAME = "$(TARGET_NAME)";
				SDKROOT = macosx;
				SWIFT_VERSION = 5.0;
				TEST_TARGET_NAME = "Markdown (macOS)";
			};
			name = Debug;
		};
		5497AC20255359000021F861 /* Release */ = {
			isa = XCBuildConfiguration;
			buildSettings = {
				ALWAYS_EMBED_SWIFT_STANDARD_LIBRARIES = YES;
				CODE_SIGN_STYLE = Automatic;
				COMBINE_HIDPI_IMAGES = YES;
				DEVELOPMENT_TEAM = ZTF477US4D;
				INFOPLIST_FILE = "Tests macOS/Info.plist";
				LD_RUNPATH_SEARCH_PATHS = (
					"$(inherited)",
					"@executable_path/../Frameworks",
					"@loader_path/../Frameworks",
				);
				MACOSX_DEPLOYMENT_TARGET = 10.15;
				PRODUCT_BUNDLE_IDENTIFIER = "de.h-mayer.Tests-macOS";
				PRODUCT_NAME = "$(TARGET_NAME)";
				SDKROOT = macosx;
				SWIFT_VERSION = 5.0;
				TEST_TARGET_NAME = "Markdown (macOS)";
			};
			name = Release;
		};
/* End XCBuildConfiguration section */

/* Begin XCConfigurationList section */
		5497ABDF255358FE0021F861 /* Build configuration list for PBXProject "Markdown" */ = {
			isa = XCConfigurationList;
			buildConfigurations = (
				5497AC13255359000021F861 /* Debug */,
				5497AC14255359000021F861 /* Release */,
			);
			defaultConfigurationIsVisible = 0;
			defaultConfigurationName = Release;
		};
		5497AC15255359000021F861 /* Build configuration list for PBXNativeTarget "Markdown (iOS)" */ = {
			isa = XCConfigurationList;
			buildConfigurations = (
				5497AC16255359000021F861 /* Debug */,
				5497AC17255359000021F861 /* Release */,
			);
			defaultConfigurationIsVisible = 0;
			defaultConfigurationName = Release;
		};
		5497AC18255359000021F861 /* Build configuration list for PBXNativeTarget "Markdown (macOS)" */ = {
			isa = XCConfigurationList;
			buildConfigurations = (
				5497AC19255359000021F861 /* Debug */,
				5497AC1A255359000021F861 /* Release */,
			);
			defaultConfigurationIsVisible = 0;
			defaultConfigurationName = Release;
		};
		5497AC1B255359000021F861 /* Build configuration list for PBXNativeTarget "Tests iOS" */ = {
			isa = XCConfigurationList;
			buildConfigurations = (
				5497AC1C255359000021F861 /* Debug */,
				5497AC1D255359000021F861 /* Release */,
			);
			defaultConfigurationIsVisible = 0;
			defaultConfigurationName = Release;
		};
		5497AC1E255359000021F861 /* Build configuration list for PBXNativeTarget "Tests macOS" */ = {
			isa = XCConfigurationList;
			buildConfigurations = (
				5497AC1F255359000021F861 /* Debug */,
				5497AC20255359000021F861 /* Release */,
			);
			defaultConfigurationIsVisible = 0;
			defaultConfigurationName = Release;
		};
/* End XCConfigurationList section */

/* Begin XCRemoteSwiftPackageReference section */
		5497AC5B25535AAF0021F861 /* XCRemoteSwiftPackageReference "ink" */ = {
			isa = XCRemoteSwiftPackageReference;
			repositoryURL = "https://github.com/johnsundell/ink.git";
			requirement = {
				kind = upToNextMajorVersion;
				minimumVersion = 0.5.0;
			};
		};
/* End XCRemoteSwiftPackageReference section */

/* Begin XCSwiftPackageProductDependency section */
		5497AC5C25535AAF0021F861 /* Ink */ = {
			isa = XCSwiftPackageProductDependency;
			package = 5497AC5B25535AAF0021F861 /* XCRemoteSwiftPackageReference "ink" */;
			productName = Ink;
		};
		5497AC6325535ABD0021F861 /* Ink */ = {
			isa = XCSwiftPackageProductDependency;
			package = 5497AC5B25535AAF0021F861 /* XCRemoteSwiftPackageReference "ink" */;
			productName = Ink;
		};
/* End XCSwiftPackageProductDependency section */
	};
	rootObject = 5497ABDC255358FE0021F861 /* Project object */;
}
